
Microsoft Visual Studio Solution File, Format Version 12.00
# Visual Studio 2012
Project("{FAE04EC0-301F-11D3-BF4B-00C04F79EFBC}") = "pdisk", "pdisk.csproj", "{34363E03-9E1E-47FB-9CD9-A9AC72506E1B}"
EndProject
Project("{FAE04EC0-301F-11D3-BF4B-00C04F79EFBC}") = "TestChunkman", "..\TestChunkman\TestChunkman.csproj", "{0AB9419B-94F8-4198-80EA-A04B1EF99CCE}"
EndProject
Project("{FAE04EC0-301F-11D3-BF4B-00C04F79EFBC}") = "DokanNet", "..\..\Users\Hamcha\Documents\dokan-net-0.6.0\DokanNet\DokanNet.csproj", "{A09B408A-26A0-4FF8-83D5-6E1B1DA5F63C}"
EndProject
Global
	GlobalSection(SolutionConfigurationPlatforms) = preSolution
		Debug|Any CPU = Debug|Any CPU
		Debug|x86 = Debug|x86
		DebugR|Any CPU = DebugR|Any CPU
		DebugR|x86 = DebugR|x86
		Release|Any CPU = Release|Any CPU
		Release|x86 = Release|x86
	EndGlobalSection
	GlobalSection(ProjectConfigurationPlatforms) = postSolution
		{34363E03-9E1E-47FB-9CD9-A9AC72506E1B}.Debug|Any CPU.ActiveCfg = Debug|Any CPU
		{34363E03-9E1E-47FB-9CD9-A9AC72506E1B}.Debug|Any CPU.Build.0 = Debug|Any CPU
		{34363E03-9E1E-47FB-9CD9-A9AC72506E1B}.Debug|x86.ActiveCfg = Debug|Any CPU
		{34363E03-9E1E-47FB-9CD9-A9AC72506E1B}.DebugR|Any CPU.ActiveCfg = DebugR|Any CPU
		{34363E03-9E1E-47FB-9CD9-A9AC72506E1B}.DebugR|x86.ActiveCfg = DebugR|Any CPU
		{34363E03-9E1E-47FB-9CD9-A9AC72506E1B}.Release|Any CPU.ActiveCfg = Release|Any CPU
		{34363E03-9E1E-47FB-9CD9-A9AC72506E1B}.Release|Any CPU.Build.0 = Release|Any CPU
		{34363E03-9E1E-47FB-9CD9-A9AC72506E1B}.Release|x86.ActiveCfg = Release|Any CPU
		{0AB9419B-94F8-4198-80EA-A04B1EF99CCE}.Debug|Any CPU.ActiveCfg = Debug|Any CPU
		{0AB9419B-94F8-4198-80EA-A04B1EF99CCE}.Debug|Any CPU.Build.0 = Debug|Any CPU
		{0AB9419B-94F8-4198-80EA-A04B1EF99CCE}.Debug|x86.ActiveCfg = Debug|Any CPU
		{0AB9419B-94F8-4198-80EA-A04B1EF99CCE}.DebugR|Any CPU.ActiveCfg = DebugR|Any CPU
		{0AB9419B-94F8-4198-80EA-A04B1EF99CCE}.DebugR|x86.ActiveCfg = DebugR|Any CPU
		{0AB9419B-94F8-4198-80EA-A04B1EF99CCE}.Release|Any CPU.ActiveCfg = Release|Any CPU
		{0AB9419B-94F8-4198-80EA-A04B1EF99CCE}.Release|Any CPU.Build.0 = Release|Any CPU
		{0AB9419B-94F8-4198-80EA-A04B1EF99CCE}.Release|x86.ActiveCfg = Release|Any CPU
		{A09B408A-26A0-4FF8-83D5-6E1B1DA5F63C}.Debug|Any CPU.ActiveCfg = Debug|Any CPU
		{A09B408A-26A0-4FF8-83D5-6E1B1DA5F63C}.Debug|Any CPU.Build.0 = Debug|Any CPU
		{A09B408A-26A0-4FF8-83D5-6E1B1DA5F63C}.Debug|x86.ActiveCfg = Debug|x86
		{A09B408A-26A0-4FF8-83D5-6E1B1DA5F63C}.Debug|x86.Build.0 = Debug|x86
		{A09B408A-26A0-4FF8-83D5-6E1B1DA5F63C}.DebugR|Any CPU.ActiveCfg = DebugR|Any CPU
		{A09B408A-26A0-4FF8-83D5-6E1B1DA5F63C}.DebugR|Any CPU.Build.0 = DebugR|Any CPU
		{A09B408A-26A0-4FF8-83D5-6E1B1DA5F63C}.DebugR|x86.ActiveCfg = DebugR|x86
		{A09B408A-26A0-4FF8-83D5-6E1B1DA5F63C}.DebugR|x86.Build.0 = DebugR|x86
		{A09B408A-26A0-4FF8-83D5-6E1B1DA5F63C}.Release|Any CPU.ActiveCfg = Release|Any CPU
		{A09B408A-26A0-4FF8-83D5-6E1B1DA5F63C}.Release|Any CPU.Build.0 = Release|Any CPU
		{A09B408A-26A0-4FF8-83D5-6E1B1DA5F63C}.Release|x86.ActiveCfg = Release|x86
		{A09B408A-26A0-4FF8-83D5-6E1B1DA5F63C}.Release|x86.Build.0 = Release|x86
	EndGlobalSection
	GlobalSection(SolutionProperties) = preSolution
		HideSolutionNode = FALSE
	EndGlobalSection
EndGlobal
